
Microsoft Visual Studio Solution File, Format Version 12.00
# Visual Studio Version 17
VisualStudioVersion = 17.8.34330.188
MinimumVisualStudioVersion = 10.0.40219.1
Project("{9A19103F-16F7-4668-BE54-9A1E7A4F7556}") = "App", "App.csproj", "{06569003-FCF2-4B91-8F1B-7C873AE9F094}"
EndProject
Project("{FAE04EC0-301F-11D3-BF4B-00C04F79EFBC}") = "App.Contracts", "..\App.Contacts\App.Contracts.csproj", "{1105D057-99B7-4D10-A9DE-65086558AAB8}"
EndProject
Project("{FAE04EC0-301F-11D3-BF4B-00C04F79EFBC}") = "Infrastructure.Provider", "..\Infrastructure.Provider\Infrastructure.Provider.csproj", "{72FDE69B-BB68-40AB-96E2-46BB362F12D6}"
EndProject
Project("{2150E333-8FDC-42A3-9474-1A3956D46DE8}") = "Solution Items", "Solution Items", "{E91B533F-3BF4-4344-B088-F5080CBD2F68}"
	ProjectSection(SolutionItems) = preProject
		.editorconfig = .editorconfig
	EndProjectSection
EndProject
Project("{FAE04EC0-301F-11D3-BF4B-00C04F79EFBC}") = "Core", "..\Core\Core.csproj", "{D669A619-0DC9-4049-A70E-4B0A4699D30F}"
EndProject
Project("{FAE04EC0-301F-11D3-BF4B-00C04F79EFBC}") = "Infrastructure.Persistence", "..\Infrastructure.Persistence\Infrastructure.Persistence.csproj", "{82CD96A6-ACBD-4F0C-8FEE-5D34E7D0CFBC}"
EndProject
Project("{FAE04EC0-301F-11D3-BF4B-00C04F79EFBC}") = "Domain", "..\Domain\Domain.csproj", "{EDC431D0-F4A0-4940-85C2-94AB07AE5949}"
EndProject
Global
	GlobalSection(SolutionConfigurationPlatforms) = preSolution
		Debug|Any CPU = Debug|Any CPU
		Release|Any CPU = Release|Any CPU
	EndGlobalSection
	GlobalSection(ProjectConfigurationPlatforms) = postSolution
		{06569003-FCF2-4B91-8F1B-7C873AE9F094}.Debug|Any CPU.ActiveCfg = Debug|Any CPU
		{06569003-FCF2-4B91-8F1B-7C873AE9F094}.Debug|Any CPU.Build.0 = Debug|Any CPU
		{06569003-FCF2-4B91-8F1B-7C873AE9F094}.Release|Any CPU.ActiveCfg = Release|Any CPU
		{06569003-FCF2-4B91-8F1B-7C873AE9F094}.Release|Any CPU.Build.0 = Release|Any CPU
		{1105D057-99B7-4D10-A9DE-65086558AAB8}.Debug|Any CPU.ActiveCfg = Debug|Any CPU
		{1105D057-99B7-4D10-A9DE-65086558AAB8}.Debug|Any CPU.Build.0 = Debug|Any CPU
		{1105D057-99B7-4D10-A9DE-65086558AAB8}.Release|Any CPU.ActiveCfg = Release|Any CPU
		{1105D057-99B7-4D10-A9DE-65086558AAB8}.Release|Any CPU.Build.0 = Release|Any CPU
		{72FDE69B-BB68-40AB-96E2-46BB362F12D6}.Debug|Any CPU.ActiveCfg = Debug|Any CPU
		{72FDE69B-BB68-40AB-96E2-46BB362F12D6}.Debug|Any CPU.Build.0 = Debug|Any CPU
		{72FDE69B-BB68-40AB-96E2-46BB362F12D6}.Release|Any CPU.ActiveCfg = Release|Any CPU
		{72FDE69B-BB68-40AB-96E2-46BB362F12D6}.Release|Any CPU.Build.0 = Release|Any CPU
		{D669A619-0DC9-4049-A70E-4B0A4699D30F}.Debug|Any CPU.ActiveCfg = Debug|Any CPU
		{D669A619-0DC9-4049-A70E-4B0A4699D30F}.Debug|Any CPU.Build.0 = Debug|Any CPU
		{D669A619-0DC9-4049-A70E-4B0A4699D30F}.Release|Any CPU.ActiveCfg = Release|Any CPU
		{D669A619-0DC9-4049-A70E-4B0A4699D30F}.Release|Any CPU.Build.0 = Release|Any CPU
		{82CD96A6-ACBD-4F0C-8FEE-5D34E7D0CFBC}.Debug|Any CPU.ActiveCfg = Debug|Any CPU
		{82CD96A6-ACBD-4F0C-8FEE-5D34E7D0CFBC}.Debug|Any CPU.Build.0 = Debug|Any CPU
		{82CD96A6-ACBD-4F0C-8FEE-5D34E7D0CFBC}.Release|Any CPU.ActiveCfg = Release|Any CPU
		{82CD96A6-ACBD-4F0C-8FEE-5D34E7D0CFBC}.Release|Any CPU.Build.0 = Release|Any CPU
		{EDC431D0-F4A0-4940-85C2-94AB07AE5949}.Debug|Any CPU.ActiveCfg = Debug|Any CPU
		{EDC431D0-F4A0-4940-85C2-94AB07AE5949}.Debug|Any CPU.Build.0 = Debug|Any CPU
		{EDC431D0-F4A0-4940-85C2-94AB07AE5949}.Release|Any CPU.ActiveCfg = Release|Any CPU
		{EDC431D0-F4A0-4940-85C2-94AB07AE5949}.Release|Any CPU.Build.0 = Release|Any CPU
	EndGlobalSection
	GlobalSection(SolutionProperties) = preSolution
		HideSolutionNode = FALSE
	EndGlobalSection
	GlobalSection(ExtensibilityGlobals) = postSolution
		SolutionGuid = {AE0223C0-448B-4E2B-98C7-36299151AFA3}
	EndGlobalSection
EndGlobal
